
Microsoft Visual Studio Solution File, Format Version 12.00
# Visual Studio Version 16
VisualStudioVersion = 16.0.31613.86
MinimumVisualStudioVersion = 10.0.40219.1
Project("{FAE04EC0-301F-11D3-BF4B-00C04F79EFBC}") = "SpMedical_WebApi", "SpMedical_WebApi.csproj", "{6952DCC6-3EA7-45FF-B3F0-2369E5D7624D}"
EndProject
Global
	GlobalSection(SolutionConfigurationPlatforms) = preSolution
		Debug|Any CPU = Debug|Any CPU
		Release|Any CPU = Release|Any CPU
	EndGlobalSection
	GlobalSection(ProjectConfigurationPlatforms) = postSolution
		{6952DCC6-3EA7-45FF-B3F0-2369E5D7624D}.Debug|Any CPU.ActiveCfg = Debug|Any CPU
		{6952DCC6-3EA7-45FF-B3F0-2369E5D7624D}.Debug|Any CPU.Build.0 = Debug|Any CPU
		{6952DCC6-3EA7-45FF-B3F0-2369E5D7624D}.Release|Any CPU.ActiveCfg = Release|Any CPU
		{6952DCC6-3EA7-45FF-B3F0-2369E5D7624D}.Release|Any CPU.Build.0 = Release|Any CPU
	EndGlobalSection
	GlobalSection(SolutionProperties) = preSolution
		HideSolutionNode = FALSE
	EndGlobalSection
	GlobalSection(ExtensibilityGlobals) = postSolution
		SolutionGuid = {0A94469F-FEFC-4338-BFBC-672C5CC8E41F}
	EndGlobalSection
EndGlobal
